
Microsoft Visual Studio Solution File, Format Version 12.00
# Visual Studio 14
VisualStudioVersion = 14.0.23107.0
MinimumVisualStudioVersion = 10.0.40219.1
Project("{FAE04EC0-301F-11D3-BF4B-00C04F79EFBC}") = "ByteChannel", "ByteChannel\ByteChannel.csproj", "{3158ECC9-B5EB-4767-ADB3-9497DA138368}"
EndProject
Project("{FAE04EC0-301F-11D3-BF4B-00C04F79EFBC}") = "ByteChannel.Test", "ByteChannel.Test\ByteChannel.Test.csproj", "{E0208A1B-664A-49F8-ABA4-2E874C468B2C}"
EndProject
Project("{FAE04EC0-301F-11D3-BF4B-00C04F79EFBC}") = "ByteChannel.Demo", "ByteChannel.Demo\ByteChannel.Demo.csproj", "{B2E92488-8C5B-44CA-864C-D952E21792BA}"
EndProject
Project("{FAE04EC0-301F-11D3-BF4B-00C04F79EFBC}") = "ByteProtocol", "ByteProtocol\ByteProtocol.csproj", "{D898E93A-6958-4705-894D-832623F0434F}"
EndProject
Project("{FAE04EC0-301F-11D3-BF4B-00C04F79EFBC}") = "ByteProtocol.Demo", "ByteProtocol.Demo\ByteProtocol.Demo.csproj", "{668EBDD3-9DA7-4680-BB1B-AFF8E3533061}"
EndProject
Project("{FAE04EC0-301F-11D3-BF4B-00C04F79EFBC}") = "UserChannel", "UserChannel\UserChannel.csproj", "{CF710020-6D9C-4BA0-AE3F-0B0BB235876E}"
EndProject
Project("{FAE04EC0-301F-11D3-BF4B-00C04F79EFBC}") = "UserChannel.Demo", "UserChannel.Demo\UserChannel.Demo.csproj", "{9D490186-F90F-4157-A4E6-F3E9EB6AD899}"
EndProject
Global
	GlobalSection(SolutionConfigurationPlatforms) = preSolution
		Debug|Any CPU = Debug|Any CPU
		Release|Any CPU = Release|Any CPU
	EndGlobalSection
	GlobalSection(ProjectConfigurationPlatforms) = postSolution
		{3158ECC9-B5EB-4767-ADB3-9497DA138368}.Debug|Any CPU.ActiveCfg = Debug|Any CPU
		{3158ECC9-B5EB-4767-ADB3-9497DA138368}.Debug|Any CPU.Build.0 = Debug|Any CPU
		{3158ECC9-B5EB-4767-ADB3-9497DA138368}.Release|Any CPU.ActiveCfg = Release|Any CPU
		{3158ECC9-B5EB-4767-ADB3-9497DA138368}.Release|Any CPU.Build.0 = Release|Any CPU
		{E0208A1B-664A-49F8-ABA4-2E874C468B2C}.Debug|Any CPU.ActiveCfg = Debug|Any CPU
		{E0208A1B-664A-49F8-ABA4-2E874C468B2C}.Debug|Any CPU.Build.0 = Debug|Any CPU
		{E0208A1B-664A-49F8-ABA4-2E874C468B2C}.Release|Any CPU.ActiveCfg = Release|Any CPU
		{B2E92488-8C5B-44CA-864C-D952E21792BA}.Debug|Any CPU.ActiveCfg = Debug|Any CPU
		{B2E92488-8C5B-44CA-864C-D952E21792BA}.Debug|Any CPU.Build.0 = Debug|Any CPU
		{B2E92488-8C5B-44CA-864C-D952E21792BA}.Release|Any CPU.ActiveCfg = Release|Any CPU
		{B2E92488-8C5B-44CA-864C-D952E21792BA}.Release|Any CPU.Build.0 = Release|Any CPU
		{D898E93A-6958-4705-894D-832623F0434F}.Debug|Any CPU.ActiveCfg = Debug|Any CPU
		{D898E93A-6958-4705-894D-832623F0434F}.Debug|Any CPU.Build.0 = Debug|Any CPU
		{D898E93A-6958-4705-894D-832623F0434F}.Release|Any CPU.ActiveCfg = Release|Any CPU
		{D898E93A-6958-4705-894D-832623F0434F}.Release|Any CPU.Build.0 = Release|Any CPU
		{668EBDD3-9DA7-4680-BB1B-AFF8E3533061}.Debug|Any CPU.ActiveCfg = Debug|Any CPU
		{668EBDD3-9DA7-4680-BB1B-AFF8E3533061}.Debug|Any CPU.Build.0 = Debug|Any CPU
		{668EBDD3-9DA7-4680-BB1B-AFF8E3533061}.Release|Any CPU.ActiveCfg = Release|Any CPU
		{668EBDD3-9DA7-4680-BB1B-AFF8E3533061}.Release|Any CPU.Build.0 = Release|Any CPU
		{CF710020-6D9C-4BA0-AE3F-0B0BB235876E}.Debug|Any CPU.ActiveCfg = Debug|Any CPU
		{CF710020-6D9C-4BA0-AE3F-0B0BB235876E}.Debug|Any CPU.Build.0 = Debug|Any CPU
		{CF710020-6D9C-4BA0-AE3F-0B0BB235876E}.Release|Any CPU.ActiveCfg = Release|Any CPU
		{CF710020-6D9C-4BA0-AE3F-0B0BB235876E}.Release|Any CPU.Build.0 = Release|Any CPU
		{9D490186-F90F-4157-A4E6-F3E9EB6AD899}.Debug|Any CPU.ActiveCfg = Debug|Any CPU
		{9D490186-F90F-4157-A4E6-F3E9EB6AD899}.Debug|Any CPU.Build.0 = Debug|Any CPU
		{9D490186-F90F-4157-A4E6-F3E9EB6AD899}.Release|Any CPU.ActiveCfg = Release|Any CPU
		{9D490186-F90F-4157-A4E6-F3E9EB6AD899}.Release|Any CPU.Build.0 = Release|Any CPU
	EndGlobalSection
	GlobalSection(SolutionProperties) = preSolution
		HideSolutionNode = FALSE
	EndGlobalSection
EndGlobal
